# THIS IS AN AUTOGENERATED FILE. DO NOT EDIT THIS FILE DIRECTLY.
# yarn lockfile v1


"@better-auth/utils@0.2.6":
  version "0.2.6"
  resolved "https://registry.npmjs.org/@better-auth/utils/-/utils-0.2.6.tgz"
  integrity sha512-3y/vaL5Ox33dBwgJ6ub3OPkVqr6B5xL2kgxNHG8eHZuryLyG/4JSPGqjbdRSgjuy9kALUZYDFl+ORIAxlWMSuA==
  dependencies:
    uncrypto "^0.1.3"

"@better-fetch/fetch@^1.1.18", "@better-fetch/fetch@^1.1.4":
  version "1.1.18"
  resolved "https://registry.npmjs.org/@better-fetch/fetch/-/fetch-1.1.18.tgz"
  integrity sha512-rEFOE1MYIsBmoMJtQbl32PGHHXuG2hDxvEd7rUHE0vCBoFQVSDqaVs9hkZEtHCxRoY+CljXKFCOuJ8uxqw1LcA==

"@esbuild/win32-x64@0.25.9":
  version "0.25.9"
  resolved "https://registry.npmjs.org/@esbuild/win32-x64/-/win32-x64-0.25.9.tgz"
  integrity sha512-PPOl1mi6lpLNQxnGoyAfschAodRFYXJ+9fs6WHXz7CSWKbOqiMZsubC+BQsVKuul+3vKLuwTHsS2c2y9EoKwxQ==

"@google/generative-ai@^0.21.0":
  version "0.21.0"
  resolved "https://registry.npmjs.org/@google/generative-ai/-/generative-ai-0.21.0.tgz"
  integrity sha512-7XhUbtnlkSEZK15kN3t+tzIMxsbKm/dSkKBFalj+20NvPKe1kBY7mR2P7vuijEn+f06z5+A8bVGKO0v39cr6Wg==

"@hexagon/base64@^1.1.27":
  version "1.1.28"
  resolved "https://registry.npmjs.org/@hexagon/base64/-/base64-1.1.28.tgz"
  integrity sha512-lhqDEAvWixy3bZ+UOYbPwUbBkwBq5C1LAJ/xPC8Oi+lL54oyakv/npbA0aU2hgCsx/1NUd4IBvV03+aUBWxerw==

"@hono/node-server@^1.19.0":
  version "1.19.1"
  resolved "https://registry.npmjs.org/@hono/node-server/-/node-server-1.19.1.tgz"
  integrity sha512-h44e5s+ByUriaRIbeS/C74O8v90m0A95luyYQGMF7KEn96KkYMXO7bZAwombzTpjQTU4e0TkU8U1WBIXlwuwtA==

"@levischuck/tiny-cbor@^0.2.2":
  version "0.2.11"
  resolved "https://registry.npmjs.org/@levischuck/tiny-cbor/-/tiny-cbor-0.2.11.tgz"
  integrity sha512-llBRm4dT4Z89aRsm6u2oEZ8tfwL/2l6BwpZ7JcyieouniDECM5AqNgr/y08zalEIvW3RSK4upYyybDcmjXqAow==

"@noble/ciphers@^0.6.0":
  version "0.6.0"
  resolved "https://registry.npmjs.org/@noble/ciphers/-/ciphers-0.6.0.tgz"
  integrity sha512-mIbq/R9QXk5/cTfESb1OKtyFnk7oc1Om/8onA1158K9/OZUQFDEVy55jVTato+xmp3XX6F6Qh0zz0Nc1AxAlRQ==

"@noble/hashes@^1.8.0":
  version "1.8.0"
  resolved "https://registry.npmjs.org/@noble/hashes/-/hashes-1.8.0.tgz"
  integrity sha512-jCs9ldd7NwzpgXDIf6P3+NrHh9/sD6CQdxHyjQI+h/6rDNo88ypBxxz45UDuZHz9r3tNz7N/VInSVoVdtXEI4A==

"@peculiar/asn1-android@^2.3.10":
  version "2.4.0"
  resolved "https://registry.npmjs.org/@peculiar/asn1-android/-/asn1-android-2.4.0.tgz"
  integrity sha512-YFueREq97CLslZZBI8dKzis7jMfEHSLxM+nr0Zdx1POiXFLjqqwoY5s0F1UimdBiEw/iKlHey2m56MRDv7Jtyg==
  dependencies:
    "@peculiar/asn1-schema" "^2.4.0"
    asn1js "^3.0.6"
    tslib "^2.8.1"

"@peculiar/asn1-ecc@^2.3.8":
  version "2.4.0"
  resolved "https://registry.npmjs.org/@peculiar/asn1-ecc/-/asn1-ecc-2.4.0.tgz"
  integrity sha512-fJiYUBCJBDkjh347zZe5H81BdJ0+OGIg0X9z06v8xXUoql3MFeENUX0JsjCaVaU9A0L85PefLPGYkIoGpTnXLQ==
  dependencies:
    "@peculiar/asn1-schema" "^2.4.0"
    "@peculiar/asn1-x509" "^2.4.0"
    asn1js "^3.0.6"
    tslib "^2.8.1"

"@peculiar/asn1-rsa@^2.3.8":
  version "2.4.0"
  resolved "https://registry.npmjs.org/@peculiar/asn1-rsa/-/asn1-rsa-2.4.0.tgz"
  integrity sha512-6PP75voaEnOSlWR9sD25iCQyLgFZHXbmxvUfnnDcfL6Zh5h2iHW38+bve4LfH7a60x7fkhZZNmiYqAlAff9Img==
  dependencies:
    "@peculiar/asn1-schema" "^2.4.0"
    "@peculiar/asn1-x509" "^2.4.0"
    asn1js "^3.0.6"
    tslib "^2.8.1"

"@peculiar/asn1-schema@^2.3.8", "@peculiar/asn1-schema@^2.4.0":
  version "2.4.0"
  resolved "https://registry.npmjs.org/@peculiar/asn1-schema/-/asn1-schema-2.4.0.tgz"
  integrity sha512-umbembjIWOrPSOzEGG5vxFLkeM8kzIhLkgigtsOrfLKnuzxWxejAcUX+q/SoZCdemlODOcr5WiYa7+dIEzBXZQ==
  dependencies:
    asn1js "^3.0.6"
    pvtsutils "^1.3.6"
    tslib "^2.8.1"

"@peculiar/asn1-x509@^2.3.8", "@peculiar/asn1-x509@^2.4.0":
  version "2.4.0"
  resolved "https://registry.npmjs.org/@peculiar/asn1-x509/-/asn1-x509-2.4.0.tgz"
  integrity sha512-F7mIZY2Eao2TaoVqigGMLv+NDdpwuBKU1fucHPONfzaBS4JXXCNCmfO0Z3dsy7JzKGqtDcYC1mr9JjaZQZNiuw==
  dependencies:
    "@peculiar/asn1-schema" "^2.4.0"
    asn1js "^3.0.6"
    pvtsutils "^1.3.6"
    tslib "^2.8.1"

"@prisma/client@^6.15.0":
  version "6.15.0"
  resolved "https://registry.npmjs.org/@prisma/client/-/client-6.15.0.tgz"
  integrity sha512-wR2LXUbOH4cL/WToatI/Y2c7uzni76oNFND7+23ypLllBmIS8e3ZHhO+nud9iXSXKFt1SoM3fTZvHawg63emZw==

"@prisma/config@6.15.0":
  version "6.15.0"
  resolved "https://registry.npmjs.org/@prisma/config/-/config-6.15.0.tgz"
  integrity sha512-KMEoec9b2u6zX0EbSEx/dRpx1oNLjqJEBZYyK0S3TTIbZ7GEGoVyGyFRk4C72+A38cuPLbfQGQvgOD+gBErKlA==
  dependencies:
    c12 "3.1.0"
    deepmerge-ts "7.1.5"
    effect "3.16.12"
    empathic "2.0.0"

"@prisma/debug@6.15.0":
  version "6.15.0"
  resolved "https://registry.npmjs.org/@prisma/debug/-/debug-6.15.0.tgz"
  integrity sha512-y7cSeLuQmyt+A3hstAs6tsuAiVXSnw9T55ra77z0nbNkA8Lcq9rNcQg6PI00by/+WnE/aMRJ/W7sZWn2cgIy1g==

"@prisma/engines-version@6.15.0-5.85179d7826409ee107a6ba334b5e305ae3fba9fb":
  version "6.15.0-5.85179d7826409ee107a6ba334b5e305ae3fba9fb"
  resolved "https://registry.npmjs.org/@prisma/engines-version/-/engines-version-6.15.0-5.85179d7826409ee107a6ba334b5e305ae3fba9fb.tgz"
  integrity sha512-a/46aK5j6L3ePwilZYEgYDPrhBQ/n4gYjLxT5YncUTJJNRnTCVjPF86QdzUOLRdYjCLfhtZp9aum90W0J+trrg==

"@prisma/engines@6.15.0":
  version "6.15.0"
  resolved "https://registry.npmjs.org/@prisma/engines/-/engines-6.15.0.tgz"
  integrity sha512-opITiR5ddFJ1N2iqa7mkRlohCZqVSsHhRcc29QXeldMljOf4FSellLT0J5goVb64EzRTKcIDeIsJBgmilNcKxA==
  dependencies:
    "@prisma/debug" "6.15.0"
    "@prisma/engines-version" "6.15.0-5.85179d7826409ee107a6ba334b5e305ae3fba9fb"
    "@prisma/fetch-engine" "6.15.0"
    "@prisma/get-platform" "6.15.0"

"@prisma/fetch-engine@6.15.0":
  version "6.15.0"
  resolved "https://registry.npmjs.org/@prisma/fetch-engine/-/fetch-engine-6.15.0.tgz"
  integrity sha512-xcT5f6b+OWBq6vTUnRCc7qL+Im570CtwvgSj+0MTSGA1o9UDSKZ/WANvwtiRXdbYWECpyC3CukoG3A04VTAPHw==
  dependencies:
    "@prisma/debug" "6.15.0"
    "@prisma/engines-version" "6.15.0-5.85179d7826409ee107a6ba334b5e305ae3fba9fb"
    "@prisma/get-platform" "6.15.0"

"@prisma/get-platform@6.15.0":
  version "6.15.0"
  resolved "https://registry.npmjs.org/@prisma/get-platform/-/get-platform-6.15.0.tgz"
  integrity sha512-Jbb+Xbxyp05NSR1x2epabetHiXvpO8tdN2YNoWoA/ZsbYyxxu/CO/ROBauIFuMXs3Ti+W7N7SJtWsHGaWte9Rg==
  dependencies:
    "@prisma/debug" "6.15.0"

"@simplewebauthn/browser@^13.1.2":
  version "13.1.2"
  resolved "https://registry.npmjs.org/@simplewebauthn/browser/-/browser-13.1.2.tgz"
  integrity sha512-aZnW0KawAM83fSBUgglP5WofbrLbLyr7CoPqYr66Eppm7zO86YX6rrCjRB3hQKPrL7ATvY4FVXlykZ6w6FwYYw==

"@simplewebauthn/server@^13.1.2":
  version "13.1.2"
  resolved "https://registry.npmjs.org/@simplewebauthn/server/-/server-13.1.2.tgz"
  integrity sha512-VwoDfvLXSCaRiD+xCIuyslU0HLxVggeE5BL06+GbsP2l1fGf5op8e0c3ZtKoi+vSg1q4ikjtAghC23ze2Q3H9g==
  dependencies:
    "@hexagon/base64" "^1.1.27"
    "@levischuck/tiny-cbor" "^0.2.2"
    "@peculiar/asn1-android" "^2.3.10"
    "@peculiar/asn1-ecc" "^2.3.8"
    "@peculiar/asn1-rsa" "^2.3.8"
    "@peculiar/asn1-schema" "^2.3.8"
    "@peculiar/asn1-x509" "^2.3.8"

"@standard-schema/spec@^1.0.0":
  version "1.0.0"
  resolved "https://registry.npmjs.org/@standard-schema/spec/-/spec-1.0.0.tgz"
  integrity sha512-m2bOd0f2RT9k8QJx1JN85cZYyH1RqFBdlwtkSlf4tBDYLCiiZnv1fIIwacK6cqwXavOydf0NPToMQgpKq+dVlA==

"@types/node@*", "@types/node@^24.3.1":
  version "24.3.1"
  resolved "https://registry.npmjs.org/@types/node/-/node-24.3.1.tgz"
  integrity sha512-3vXmQDXy+woz+gnrTvuvNrPzekOi+Ds0ReMxw0LzBiK3a+1k0kQn9f2NWk+lgD4rJehFUmYy2gMhJ2ZI+7YP9g==
  dependencies:
    undici-types "~7.10.0"

"@types/pdf-parse@^1.1.5":
  version "1.1.5"
  resolved "https://registry.npmjs.org/@types/pdf-parse/-/pdf-parse-1.1.5.tgz"
  integrity sha512-kBfrSXsloMnUJOKi25s3+hRmkycHfLK6A09eRGqF/N8BkQoPUmaCr+q8Cli5FnfohEz/rsv82zAiPz/LXtOGhA==
  dependencies:
    "@types/node" "*"

asn1js@^3.0.6:
  version "3.0.6"
  resolved "https://registry.npmjs.org/asn1js/-/asn1js-3.0.6.tgz"
  integrity sha512-UOCGPYbl0tv8+006qks/dTgV9ajs97X2p0FAbyS2iyCRrmLSRolDaHdp+v/CLgnzHc3fVB+CwYiUmei7ndFcgA==
  dependencies:
    pvtsutils "^1.3.6"
    pvutils "^1.1.3"
    tslib "^2.8.1"

better-auth@^1.3.8:
  version "1.3.8"
  resolved "https://registry.npmjs.org/better-auth/-/better-auth-1.3.8.tgz"
  integrity sha512-uRFzHbWkhr8eWNy+BJwyMnrZPOvQjwrcLND3nc6jusRteYA9cjeRGElgCPTWTIyWUfzaQ708Lb5Mdq9Gv41Qpw==
  dependencies:
    "@better-auth/utils" "0.2.6"
    "@better-fetch/fetch" "^1.1.18"
    "@noble/ciphers" "^0.6.0"
    "@noble/hashes" "^1.8.0"
    "@simplewebauthn/browser" "^13.1.2"
    "@simplewebauthn/server" "^13.1.2"
    better-call "1.0.16"
    defu "^6.1.4"
    jose "^5.10.0"
    kysely "^0.28.5"
    nanostores "^0.11.4"
    zod "^4.1.5"

better-call@1.0.16:
  version "1.0.16"
  resolved "https://registry.npmjs.org/better-call/-/better-call-1.0.16.tgz"
  integrity sha512-42dgJ1rOtc0anOoxjXPOWuel/Z/4aeO7EJ2SiXNwvlkySSgjXhNjAjTMWa8DL1nt6EXS3jl3VKC3mPsU/lUgVA==
  dependencies:
    "@better-fetch/fetch" "^1.1.4"
    rou3 "^0.5.1"
    set-cookie-parser "^2.7.1"
    uncrypto "^0.1.3"

c12@3.1.0:
  version "3.1.0"
  resolved "https://registry.npmjs.org/c12/-/c12-3.1.0.tgz"
  integrity sha512-uWoS8OU1MEIsOv8p/5a82c3H31LsWVR5qiyXVfBNOzfffjUWtPnhAb4BYI2uG2HfGmZmFjCtui5XNWaps+iFuw==
  dependencies:
    chokidar "^4.0.3"
    confbox "^0.2.2"
    defu "^6.1.4"
    dotenv "^16.6.1"
    exsolve "^1.0.7"
    giget "^2.0.0"
    jiti "^2.4.2"
    ohash "^2.0.11"
    pathe "^2.0.3"
    perfect-debounce "^1.0.0"
    pkg-types "^2.2.0"
    rc9 "^2.1.2"

chokidar@^4.0.3:
  version "4.0.3"
  resolved "https://registry.npmjs.org/chokidar/-/chokidar-4.0.3.tgz"
  integrity sha512-Qgzu8kfBvo+cA4962jnP1KkS6Dop5NS6g7R5LFYJr4b8Ub94PPQXUksCw9PvXoeXPRRddRNC5C1JQUR2SMGtnA==
  dependencies:
    readdirp "^4.0.1"

citty@^0.1.6:
  version "0.1.6"
  resolved "https://registry.npmjs.org/citty/-/citty-0.1.6.tgz"
  integrity sha512-tskPPKEs8D2KPafUypv2gxwJP8h/OaJmC82QQGGDQcHvXX43xF2VDACcJVmZ0EuSxkpO9Kc4MlrA3q0+FG58AQ==
  dependencies:
    consola "^3.2.3"

confbox@^0.2.2:
  version "0.2.2"
  resolved "https://registry.npmjs.org/confbox/-/confbox-0.2.2.tgz"
  integrity sha512-1NB+BKqhtNipMsov4xI/NnhCKp9XG9NamYp5PVm9klAT0fsrNPjaFICsCFhNhwZJKNh7zB/3q8qXz0E9oaMNtQ==

consola@^3.2.3, consola@^3.4.0, consola@^3.4.2:
  version "3.4.2"
  resolved "https://registry.npmjs.org/consola/-/consola-3.4.2.tgz"
  integrity sha512-5IKcdX0nnYavi6G7TtOhwkYzyjfJlatbjMjuLSfE2kYT5pMDOilZ4OvMhi637CcDICTmz3wARPoyhqyX1Y+XvA==

debug@^3.1.0:
  version "3.2.7"
  resolved "https://registry.npmjs.org/debug/-/debug-3.2.7.tgz"
  integrity sha512-CFjzYYAi4ThfiQvizrFQevTTXHtnCqWfe7x1AhgEscTz6ZbLbfoLRLPugTQyBth6f8ZERVUSyWHFD/7Wu4t1XQ==
  dependencies:
    ms "^2.1.1"

deepmerge-ts@7.1.5:
  version "7.1.5"
  resolved "https://registry.npmjs.org/deepmerge-ts/-/deepmerge-ts-7.1.5.tgz"
  integrity sha512-HOJkrhaYsweh+W+e74Yn7YStZOilkoPb6fycpwNLKzSPtruFs48nYis0zy5yJz1+ktUhHxoRDJ27RQAWLIJVJw==

defu@^6.1.4:
  version "6.1.4"
  resolved "https://registry.npmjs.org/defu/-/defu-6.1.4.tgz"
  integrity sha512-mEQCMmwJu317oSz8CwdIOdwf3xMif1ttiM8LTufzc3g6kR+9Pe236twL8j3IYT1F7GfRgGcW6MWxzZjLIkuHIg==

destr@^2.0.3:
  version "2.0.5"
  resolved "https://registry.npmjs.org/destr/-/destr-2.0.5.tgz"
  integrity sha512-ugFTXCtDZunbzasqBxrK93Ik/DRYsO6S/fedkWEMKqt04xZ4csmnmwGDBAb07QWNaGMAmnTIemsYZCksjATwsA==

dotenv@^16.6.1:
  version "16.6.1"
  resolved "https://registry.npmjs.org/dotenv/-/dotenv-16.6.1.tgz"
  integrity sha512-uBq4egWHTcTt33a72vpSG0z3HnPuIl6NqYcTrKEg2azoEyl2hpW0zqlxysq2pK9HlDIHyHyakeYaYnSAwd8bow==

effect@3.16.12:
  version "3.16.12"
  resolved "https://registry.npmjs.org/effect/-/effect-3.16.12.tgz"
  integrity sha512-N39iBk0K71F9nb442TLbTkjl24FLUzuvx2i1I2RsEAQsdAdUTuUoW0vlfUXgkMTUOnYqKnWcFfqw4hK4Pw27hg==
  dependencies:
    "@standard-schema/spec" "^1.0.0"
    fast-check "^3.23.1"

empathic@2.0.0:
  version "2.0.0"
  resolved "https://registry.npmjs.org/empathic/-/empathic-2.0.0.tgz"
  integrity sha512-i6UzDscO/XfAcNYD75CfICkmfLedpyPDdozrLMmQc5ORaQcdMoc21OnlEylMIqI7U8eniKrPMxxtj8k0vhmJhA==

esbuild@~0.25.0:
  version "0.25.9"
  resolved "https://registry.npmjs.org/esbuild/-/esbuild-0.25.9.tgz"
  integrity sha512-CRbODhYyQx3qp7ZEwzxOk4JBqmD/seJrzPa/cGjY1VtIn5E09Oi9/dB4JwctnfZ8Q8iT7rioVv5k/FNT/uf54g==
  optionalDependencies:
    "@esbuild/aix-ppc64" "0.25.9"
    "@esbuild/android-arm" "0.25.9"
    "@esbuild/android-arm64" "0.25.9"
    "@esbuild/android-x64" "0.25.9"
    "@esbuild/darwin-arm64" "0.25.9"
    "@esbuild/darwin-x64" "0.25.9"
    "@esbuild/freebsd-arm64" "0.25.9"
    "@esbuild/freebsd-x64" "0.25.9"
    "@esbuild/linux-arm" "0.25.9"
    "@esbuild/linux-arm64" "0.25.9"
    "@esbuild/linux-ia32" "0.25.9"
    "@esbuild/linux-loong64" "0.25.9"
    "@esbuild/linux-mips64el" "0.25.9"
    "@esbuild/linux-ppc64" "0.25.9"
    "@esbuild/linux-riscv64" "0.25.9"
    "@esbuild/linux-s390x" "0.25.9"
    "@esbuild/linux-x64" "0.25.9"
    "@esbuild/netbsd-arm64" "0.25.9"
    "@esbuild/netbsd-x64" "0.25.9"
    "@esbuild/openbsd-arm64" "0.25.9"
    "@esbuild/openbsd-x64" "0.25.9"
    "@esbuild/openharmony-arm64" "0.25.9"
    "@esbuild/sunos-x64" "0.25.9"
    "@esbuild/win32-arm64" "0.25.9"
    "@esbuild/win32-ia32" "0.25.9"
    "@esbuild/win32-x64" "0.25.9"

exsolve@^1.0.7:
  version "1.0.7"
  resolved "https://registry.npmjs.org/exsolve/-/exsolve-1.0.7.tgz"
  integrity sha512-VO5fQUzZtI6C+vx4w/4BWJpg3s/5l+6pRQEHzFRM8WFi4XffSP1Z+4qi7GbjWbvRQEbdIco5mIMq+zX4rPuLrw==

fast-check@^3.23.1:
  version "3.23.2"
  resolved "https://registry.npmjs.org/fast-check/-/fast-check-3.23.2.tgz"
  integrity sha512-h5+1OzzfCC3Ef7VbtKdcv7zsstUQwUDlYpUTvjeUsJAssPgLn7QzbboPtL5ro04Mq0rPOsMzl7q5hIbRs2wD1A==
  dependencies:
    pure-rand "^6.1.0"

get-tsconfig@^4.7.5:
  version "4.10.1"
  resolved "https://registry.npmjs.org/get-tsconfig/-/get-tsconfig-4.10.1.tgz"
  integrity sha512-auHyJ4AgMz7vgS8Hp3N6HXSmlMdUyhSUrfBF16w153rxtLIEOE+HGqaBppczZvnHLqQJfiHotCYpNhl0lUROFQ==
  dependencies:
    resolve-pkg-maps "^1.0.0"

giget@^2.0.0:
  version "2.0.0"
  resolved "https://registry.npmjs.org/giget/-/giget-2.0.0.tgz"
  integrity sha512-L5bGsVkxJbJgdnwyuheIunkGatUF/zssUoxxjACCseZYAVbaqdh9Tsmmlkl8vYan09H7sbvKt4pS8GqKLBrEzA==
  dependencies:
    citty "^0.1.6"
    consola "^3.4.0"
    defu "^6.1.4"
    node-fetch-native "^1.6.6"
    nypm "^0.6.0"
    pathe "^2.0.3"

hono@^4, hono@^4.9.6:
  version "4.9.6"
  resolved "https://registry.npmjs.org/hono/-/hono-4.9.6.tgz"
  integrity sha512-doVjXhSFvYZ7y0dNokjwwSahcrAfdz+/BCLvAMa/vHLzjj8+CFyV5xteThGUsKdkaasgN+gF2mUxao+SGLpUeA==

jiti@^2.4.2:
  version "2.5.1"
  resolved "https://registry.npmjs.org/jiti/-/jiti-2.5.1.tgz"
  integrity sha512-twQoecYPiVA5K/h6SxtORw/Bs3ar+mLUtoPSc7iMXzQzK8d7eJ/R09wmTwAjiamETn1cXYPGfNnu7DMoHgu12w==

jose@^5.10.0:
  version "5.10.0"
  resolved "https://registry.npmjs.org/jose/-/jose-5.10.0.tgz"
  integrity sha512-s+3Al/p9g32Iq+oqXxkW//7jk2Vig6FF1CFqzVXoTUXt2qz89YWbL+OwS17NFYEvxC35n0FKeGO2LGYSxeM2Gg==

kysely@^0.28.5:
  version "0.28.5"
  resolved "https://registry.npmjs.org/kysely/-/kysely-0.28.5.tgz"
  integrity sha512-rlB0I/c6FBDWPcQoDtkxi9zIvpmnV5xoIalfCMSMCa7nuA6VGA3F54TW9mEgX4DVf10sXAWCF5fDbamI/5ZpKA==

ms@^2.1.1:
  version "2.1.3"
  resolved "https://registry.npmjs.org/ms/-/ms-2.1.3.tgz"
  integrity sha512-6FlzubTLZG3J2a/NVCAleEhjzq5oxgHyaCU9yYXvcLsvoVaHJq/s5xXI6/XXP6tz7R9xAOtHnSO/tXtF3WRTlA==

nanostores@^0.11.4:
  version "0.11.4"
  resolved "https://registry.npmjs.org/nanostores/-/nanostores-0.11.4.tgz"
  integrity sha512-k1oiVNN4hDK8NcNERSZLQiMfRzEGtfnvZvdBvey3SQbgn8Dcrk0h1I6vpxApjb10PFUflZrgJ2WEZyJQ+5v7YQ==

node-ensure@^0.0.0:
  version "0.0.0"
  resolved "https://registry.npmjs.org/node-ensure/-/node-ensure-0.0.0.tgz"
  integrity sha512-DRI60hzo2oKN1ma0ckc6nQWlHU69RH6xN0sjQTjMpChPfTYvKZdcQFfdYK2RWbJcKyUizSIy/l8OTGxMAM1QDw==

node-fetch-native@^1.6.6:
  version "1.6.7"
  resolved "https://registry.npmjs.org/node-fetch-native/-/node-fetch-native-1.6.7.tgz"
  integrity sha512-g9yhqoedzIUm0nTnTqAQvueMPVOuIY16bqgAJJC8XOOubYFNwz6IER9qs0Gq2Xd0+CecCKFjtdDTMA4u4xG06Q==

nypm@^0.6.0:
  version "0.6.1"
  resolved "https://registry.npmjs.org/nypm/-/nypm-0.6.1.tgz"
  integrity sha512-hlacBiRiv1k9hZFiphPUkfSQ/ZfQzZDzC+8z0wL3lvDAOUu/2NnChkKuMoMjNur/9OpKuz2QsIeiPVN0xM5Q0w==
  dependencies:
    citty "^0.1.6"
    consola "^3.4.2"
    pathe "^2.0.3"
    pkg-types "^2.2.0"
    tinyexec "^1.0.1"

ohash@^2.0.11:
  version "2.0.11"
  resolved "https://registry.npmjs.org/ohash/-/ohash-2.0.11.tgz"
  integrity sha512-RdR9FQrFwNBNXAr4GixM8YaRZRJ5PUWbKYbE5eOsrwAjJW0q2REGcf79oYPsLyskQCZG1PLN+S/K1V00joZAoQ==

pathe@^2.0.3:
  version "2.0.3"
  resolved "https://registry.npmjs.org/pathe/-/pathe-2.0.3.tgz"
  integrity sha512-WUjGcAqP1gQacoQe+OBJsFA7Ld4DyXuUIjZ5cc75cLHvJ7dtNsTugphxIADwspS+AraAUePCKrSVtPLFj/F88w==

pdf-parse@^1.1.1:
  version "1.1.1"
  resolved "https://registry.npmjs.org/pdf-parse/-/pdf-parse-1.1.1.tgz"
  integrity sha512-v6ZJ/efsBpGrGGknjtq9J/oC8tZWq0KWL5vQrk2GlzLEQPUDB1ex+13Rmidl1neNN358Jn9EHZw5y07FFtaC7A==
  dependencies:
    debug "^3.1.0"
    node-ensure "^0.0.0"

perfect-debounce@^1.0.0:
  version "1.0.0"
  resolved "https://registry.npmjs.org/perfect-debounce/-/perfect-debounce-1.0.0.tgz"
  integrity sha512-xCy9V055GLEqoFaHoC1SoLIaLmWctgCUaBaWxDZ7/Zx4CTyX7cJQLJOok/orfjZAh9kEYpjJa4d0KcJmCbctZA==

pkg-types@^2.2.0:
  version "2.3.0"
  resolved "https://registry.npmjs.org/pkg-types/-/pkg-types-2.3.0.tgz"
  integrity sha512-SIqCzDRg0s9npO5XQ3tNZioRY1uK06lA41ynBC1YmFTmnY6FjUjVt6s4LoADmwoig1qqD0oK8h1p/8mlMx8Oig==
  dependencies:
    confbox "^0.2.2"
    exsolve "^1.0.7"
    pathe "^2.0.3"

prisma@*, prisma@^6.15.0:
  version "6.15.0"
  resolved "https://registry.npmjs.org/prisma/-/prisma-6.15.0.tgz"
  integrity sha512-E6RCgOt+kUVtjtZgLQDBJ6md2tDItLJNExwI0XJeBc1FKL+Vwb+ovxXxuok9r8oBgsOXBA33fGDuE/0qDdCWqQ==
  dependencies:
    "@prisma/config" "6.15.0"
    "@prisma/engines" "6.15.0"

pure-rand@^6.1.0:
  version "6.1.0"
  resolved "https://registry.npmjs.org/pure-rand/-/pure-rand-6.1.0.tgz"
  integrity sha512-bVWawvoZoBYpp6yIoQtQXHZjmz35RSVHnUOTefl8Vcjr8snTPY1wnpSPMWekcFwbxI6gtmT7rSYPFvz71ldiOA==

pvtsutils@^1.3.6:
  version "1.3.6"
  resolved "https://registry.npmjs.org/pvtsutils/-/pvtsutils-1.3.6.tgz"
  integrity sha512-PLgQXQ6H2FWCaeRak8vvk1GW462lMxB5s3Jm673N82zI4vqtVUPuZdffdZbPDFRoU8kAhItWFtPCWiPpp4/EDg==
  dependencies:
    tslib "^2.8.1"

pvutils@^1.1.3:
  version "1.1.3"
  resolved "https://registry.npmjs.org/pvutils/-/pvutils-1.1.3.tgz"
  integrity sha512-pMpnA0qRdFp32b1sJl1wOJNxZLQ2cbQx+k6tjNtZ8CpvVhNqEPRgivZ2WOUev2YMajecdH7ctUPDvEe87nariQ==

rc9@^2.1.2:
  version "2.1.2"
  resolved "https://registry.npmjs.org/rc9/-/rc9-2.1.2.tgz"
  integrity sha512-btXCnMmRIBINM2LDZoEmOogIZU7Qe7zn4BpomSKZ/ykbLObuBdvG+mFq11DL6fjH1DRwHhrlgtYWG96bJiC7Cg==
  dependencies:
    defu "^6.1.4"
    destr "^2.0.3"

readdirp@^4.0.1:
  version "4.1.2"
  resolved "https://registry.npmjs.org/readdirp/-/readdirp-4.1.2.tgz"
  integrity sha512-GDhwkLfywWL2s6vEjyhri+eXmfH6j1L7JE27WhqLeYzoh/A3DBaYGEj2H/HFZCn/kMfim73FXxEJTw06WtxQwg==

resolve-pkg-maps@^1.0.0:
  version "1.0.0"
  resolved "https://registry.npmjs.org/resolve-pkg-maps/-/resolve-pkg-maps-1.0.0.tgz"
  integrity sha512-seS2Tj26TBVOC2NIc2rOe2y2ZO7efxITtLZcGSOnHHNOQ7CkiUBfw0Iw2ck6xkIhPwLhKNLS8BO+hEpngQlqzw==

rou3@^0.5.1:
  version "0.5.1"
  resolved "https://registry.npmjs.org/rou3/-/rou3-0.5.1.tgz"
  integrity sha512-OXMmJ3zRk2xeXFGfA3K+EOPHC5u7RDFG7lIOx0X1pdnhUkI8MdVrbV+sNsD80ElpUZ+MRHdyxPnFthq9VHs8uQ==

set-cookie-parser@^2.7.1:
  version "2.7.1"
  resolved "https://registry.npmjs.org/set-cookie-parser/-/set-cookie-parser-2.7.1.tgz"
  integrity sha512-IOc8uWeOZgnb3ptbCURJWNjWUPcO3ZnTTdzsurqERrP6nPyv+paC55vJM0LpOlT2ne+Ix+9+CRG1MNLlyZ4GjQ==

tinyexec@^1.0.1:
  version "1.0.1"
  resolved "https://registry.npmjs.org/tinyexec/-/tinyexec-1.0.1.tgz"
  integrity sha512-5uC6DDlmeqiOwCPmK9jMSdOuZTh8bU39Ys6yidB+UTt5hfZUPGAypSgFRiEp+jbi9qH40BLDvy85jIU88wKSqw==

tslib@^2.8.1:
  version "2.8.1"
  resolved "https://registry.npmjs.org/tslib/-/tslib-2.8.1.tgz"
  integrity sha512-oJFu94HQb+KVduSUQL7wnpmqnfmLsOA/nAh6b6EH0wCEoK0/mPeXU6c3wKDV83MkOuHPRHtSXKKU99IBazS/2w==

tsx@^4.7.1:
  version "4.20.5"
  resolved "https://registry.npmjs.org/tsx/-/tsx-4.20.5.tgz"
  integrity sha512-+wKjMNU9w/EaQayHXb7WA7ZaHY6hN8WgfvHNQ3t1PnU91/7O8TcTnIhCDYTZwnt8JsO9IBqZ30Ln1r7pPF52Aw==
  dependencies:
    esbuild "~0.25.0"
    get-tsconfig "^4.7.5"
  optionalDependencies:
    fsevents "~2.3.3"

typescript@^5.8.3, typescript@>=5.1.0:
  version "5.9.2"
  resolved "https://registry.npmjs.org/typescript/-/typescript-5.9.2.tgz"
  integrity sha512-CWBzXQrc/qOkhidw1OzBTQuYRbfyxDXJMVJ1XNwUHGROVmuaeiEm3OslpZ1RV96d7SKKjZKrSJu3+t/xlw3R9A==

uncrypto@^0.1.3:
  version "0.1.3"
  resolved "https://registry.npmjs.org/uncrypto/-/uncrypto-0.1.3.tgz"
  integrity sha512-Ql87qFHB3s/De2ClA9e0gsnS6zXG27SkTiSJwjCc9MebbfapQfuPzumMIUMi38ezPZVNFcHI9sUIepeQfw8J8Q==

undici-types@~7.10.0:
  version "7.10.0"
  resolved "https://registry.npmjs.org/undici-types/-/undici-types-7.10.0.tgz"
  integrity sha512-t5Fy/nfn+14LuOc2KNYg75vZqClpAiqscVvMygNnlsHBFpSXdJaYtXMcdNLpl/Qvc3P2cB3s6lOV51nqsFq4ag==

zod@^4.1.5:
  version "4.1.5"
  resolved "https://registry.npmjs.org/zod/-/zod-4.1.5.tgz"
  integrity sha512-rcUUZqlLJgBC33IT3PNMgsCq6TzLQEG/Ei/KTCU0PedSWRMAXoOUN+4t/0H+Q8bdnLPdqUYnvboJT0bn/229qg==
